
Microsoft Visual Studio Solution File, Format Version 12.00
# Visual Studio Version 17
VisualStudioVersion = 17.5.002.0
MinimumVisualStudioVersion = 10.0.40219.1
Project("{9A19103F-16F7-4668-BE54-9A1E7A4F7556}") = "Assessment-Riwi", "Assessment-Riwi.csproj", "{C3084309-60EA-4333-8E86-E19A34BC9AB8}"
EndProject
Global
	GlobalSection(SolutionConfigurationPlatforms) = preSolution
		Debug|Any CPU = Debug|Any CPU
		Release|Any CPU = Release|Any CPU
	EndGlobalSection
	GlobalSection(ProjectConfigurationPlatforms) = postSolution
		{C3084309-60EA-4333-8E86-E19A34BC9AB8}.Debug|Any CPU.ActiveCfg = Debug|Any CPU
		{C3084309-60EA-4333-8E86-E19A34BC9AB8}.Debug|Any CPU.Build.0 = Debug|Any CPU
		{C3084309-60EA-4333-8E86-E19A34BC9AB8}.Release|Any CPU.ActiveCfg = Release|Any CPU
		{C3084309-60EA-4333-8E86-E19A34BC9AB8}.Release|Any CPU.Build.0 = Release|Any CPU
	EndGlobalSection
	GlobalSection(SolutionProperties) = preSolution
		HideSolutionNode = FALSE
	EndGlobalSection
	GlobalSection(ExtensibilityGlobals) = postSolution
		SolutionGuid = {23D86D7D-8B5D-4988-BD70-3D29468D3CF3}
	EndGlobalSection
EndGlobal
